
Microsoft Visual Studio Solution File, Format Version 10.00
# Visual Studio 2008
Project("{FAE04EC0-301F-11D3-BF4B-00C04F79EFBC}") = "WindowsFormsApplication1", "WindowsFormsApplication1\WindowsFormsApplication1.csproj", "{9ECA6F6E-3C2B-4C5F-9D4C-D07FDB06DD4D}"
EndProject
Project("{FAE04EC0-301F-11D3-BF4B-00C04F79EFBC}") = "DynamicLinqExtensionMethods", "..\DynamicLinqExtensionMethods\DynamicLinqExtensionMethods\DynamicLinqExtensionMethods.csproj", "{CFD129A2-333C-4FFB-8BC2-F3F9F49660DF}"
EndProject
Global
	GlobalSection(SolutionConfigurationPlatforms) = preSolution
		Debug|Any CPU = Debug|Any CPU
		Release|Any CPU = Release|Any CPU
	EndGlobalSection
	GlobalSection(ProjectConfigurationPlatforms) = postSolution
		{9ECA6F6E-3C2B-4C5F-9D4C-D07FDB06DD4D}.Debug|Any CPU.ActiveCfg = Debug|Any CPU
		{9ECA6F6E-3C2B-4C5F-9D4C-D07FDB06DD4D}.Debug|Any CPU.Build.0 = Debug|Any CPU
		{9ECA6F6E-3C2B-4C5F-9D4C-D07FDB06DD4D}.Release|Any CPU.ActiveCfg = Release|Any CPU
		{9ECA6F6E-3C2B-4C5F-9D4C-D07FDB06DD4D}.Release|Any CPU.Build.0 = Release|Any CPU
		{CFD129A2-333C-4FFB-8BC2-F3F9F49660DF}.Debug|Any CPU.ActiveCfg = Debug|Any CPU
		{CFD129A2-333C-4FFB-8BC2-F3F9F49660DF}.Debug|Any CPU.Build.0 = Debug|Any CPU
		{CFD129A2-333C-4FFB-8BC2-F3F9F49660DF}.Release|Any CPU.ActiveCfg = Release|Any CPU
		{CFD129A2-333C-4FFB-8BC2-F3F9F49660DF}.Release|Any CPU.Build.0 = Release|Any CPU
	EndGlobalSection
	GlobalSection(SolutionProperties) = preSolution
		HideSolutionNode = FALSE
	EndGlobalSection
EndGlobal
